
Microsoft Visual Studio Solution File, Format Version 12.00
# Visual Studio Version 17
VisualStudioVersion = 17.7.34221.43
MinimumVisualStudioVersion = 10.0.40219.1
Project("{9A19103F-16F7-4668-BE54-9A1E7A4F7556}") = "RareCrewAPItoWPF", "RareCrewApi\RareCrewAPItoWPF.csproj", "{64D45D86-F876-4226-A386-3F34335A5C8A}"
EndProject
Project("{9A19103F-16F7-4668-BE54-9A1E7A4F7556}") = "Lib", "Lib\Lib.csproj", "{6753245A-97D8-458B-9B9A-4F6E0C14F64F}"
EndProject
Project("{9A19103F-16F7-4668-BE54-9A1E7A4F7556}") = "WpfChartFinal", "WpfChartFinal\WpfChartFinal.csproj", "{AF884D95-8C90-4E97-97F8-CA121A695455}"
EndProject
Global
	GlobalSection(SolutionConfigurationPlatforms) = preSolution
		Debug|Any CPU = Debug|Any CPU
		Release|Any CPU = Release|Any CPU
	EndGlobalSection
	GlobalSection(ProjectConfigurationPlatforms) = postSolution
		{64D45D86-F876-4226-A386-3F34335A5C8A}.Debug|Any CPU.ActiveCfg = Debug|Any CPU
		{64D45D86-F876-4226-A386-3F34335A5C8A}.Debug|Any CPU.Build.0 = Debug|Any CPU
		{64D45D86-F876-4226-A386-3F34335A5C8A}.Release|Any CPU.ActiveCfg = Release|Any CPU
		{64D45D86-F876-4226-A386-3F34335A5C8A}.Release|Any CPU.Build.0 = Release|Any CPU
		{6753245A-97D8-458B-9B9A-4F6E0C14F64F}.Debug|Any CPU.ActiveCfg = Debug|Any CPU
		{6753245A-97D8-458B-9B9A-4F6E0C14F64F}.Debug|Any CPU.Build.0 = Debug|Any CPU
		{6753245A-97D8-458B-9B9A-4F6E0C14F64F}.Release|Any CPU.ActiveCfg = Release|Any CPU
		{6753245A-97D8-458B-9B9A-4F6E0C14F64F}.Release|Any CPU.Build.0 = Release|Any CPU
		{AF884D95-8C90-4E97-97F8-CA121A695455}.Debug|Any CPU.ActiveCfg = Debug|Any CPU
		{AF884D95-8C90-4E97-97F8-CA121A695455}.Debug|Any CPU.Build.0 = Debug|Any CPU
		{AF884D95-8C90-4E97-97F8-CA121A695455}.Release|Any CPU.ActiveCfg = Release|Any CPU
		{AF884D95-8C90-4E97-97F8-CA121A695455}.Release|Any CPU.Build.0 = Release|Any CPU
	EndGlobalSection
	GlobalSection(SolutionProperties) = preSolution
		HideSolutionNode = FALSE
	EndGlobalSection
	GlobalSection(ExtensibilityGlobals) = postSolution
		SolutionGuid = {E4449811-8C30-43DE-9D05-B951E5FB9A0E}
	EndGlobalSection
EndGlobal
